
Microsoft Visual Studio Solution File, Format Version 12.00
# Visual Studio Version 17
VisualStudioVersion = 17.10.35013.160
MinimumVisualStudioVersion = 10.0.40219.1
Project("{2150E333-8FDC-42A3-9474-1A3956D46DE8}") = "Application", "Application", "{E32ECB12-E934-4A8E-AE1F-CFA04BF43210}"
EndProject
Project("{2150E333-8FDC-42A3-9474-1A3956D46DE8}") = "Presentation", "Presentation", "{914551ED-8ECB-43F6-A397-BD6CCD2F154A}"
EndProject
Project("{2150E333-8FDC-42A3-9474-1A3956D46DE8}") = "Domain", "Domain", "{9602AAEC-EECD-4717-966D-5400D295D2B6}"
EndProject
Project("{2150E333-8FDC-42A3-9474-1A3956D46DE8}") = "Infrastructure", "Infrastructure", "{7E4639E7-653A-403A-92AF-557E249F5CDF}"
EndProject
Project("{2150E333-8FDC-42A3-9474-1A3956D46DE8}") = "Tests", "Tests", "{6C9E3D1F-E55A-49D9-9D01-C906FAF4A4B6}"
EndProject
Project("{9A19103F-16F7-4668-BE54-9A1E7A4F7556}") = "T0Y9UZ_HSZF_2024251.Console", "T0Y9UZ_HSZF_2024251.Console\T0Y9UZ_HSZF_2024251.Console.csproj", "{67B43EE0-A1C3-420F-95A2-33D7C886EA0A}"
EndProject
Project("{9A19103F-16F7-4668-BE54-9A1E7A4F7556}") = "T0Y9UZ_HSZF_2024251.Application", "T0Y9UZ_HSZF_2024251.Application\T0Y9UZ_HSZF_2024251.Application.csproj", "{8C711CEE-1B28-47B4-95FE-28D6ABA62B73}"
EndProject
Project("{9A19103F-16F7-4668-BE54-9A1E7A4F7556}") = "T0Y9UZ_HSZF_2024251.Model", "T0Y9UZ_HSZF_2024251.Model\T0Y9UZ_HSZF_2024251.Model.csproj", "{8CFEA2C8-2318-4831-97D0-C0FF2F51A533}"
EndProject
Project("{9A19103F-16F7-4668-BE54-9A1E7A4F7556}") = "T0Y9UZ_HSZF_2024251.Persistence.MsSql", "T0Y9UZ_HSZF_2024251.Persistence.MsSql\T0Y9UZ_HSZF_2024251.Persistence.MsSql.csproj", "{19581175-6DA0-43FB-B2AE-00CFF328A6E3}"
EndProject
Project("{FAE04EC0-301F-11D3-BF4B-00C04F79EFBC}") = "T0Y9UZ_HSZF_2024251.Test", "T0Y9UZ_HSZF_2024251.Test\T0Y9UZ_HSZF_2024251.Test.csproj", "{281D6D02-A279-4A2F-B174-BF3AFF0B6106}"
EndProject
Global
	GlobalSection(SolutionConfigurationPlatforms) = preSolution
		Debug|Any CPU = Debug|Any CPU
		Release|Any CPU = Release|Any CPU
	EndGlobalSection
	GlobalSection(ProjectConfigurationPlatforms) = postSolution
		{67B43EE0-A1C3-420F-95A2-33D7C886EA0A}.Debug|Any CPU.ActiveCfg = Debug|Any CPU
		{67B43EE0-A1C3-420F-95A2-33D7C886EA0A}.Debug|Any CPU.Build.0 = Debug|Any CPU
		{67B43EE0-A1C3-420F-95A2-33D7C886EA0A}.Release|Any CPU.ActiveCfg = Release|Any CPU
		{67B43EE0-A1C3-420F-95A2-33D7C886EA0A}.Release|Any CPU.Build.0 = Release|Any CPU
		{8C711CEE-1B28-47B4-95FE-28D6ABA62B73}.Debug|Any CPU.ActiveCfg = Debug|Any CPU
		{8C711CEE-1B28-47B4-95FE-28D6ABA62B73}.Debug|Any CPU.Build.0 = Debug|Any CPU
		{8C711CEE-1B28-47B4-95FE-28D6ABA62B73}.Release|Any CPU.ActiveCfg = Release|Any CPU
		{8C711CEE-1B28-47B4-95FE-28D6ABA62B73}.Release|Any CPU.Build.0 = Release|Any CPU
		{8CFEA2C8-2318-4831-97D0-C0FF2F51A533}.Debug|Any CPU.ActiveCfg = Debug|Any CPU
		{8CFEA2C8-2318-4831-97D0-C0FF2F51A533}.Debug|Any CPU.Build.0 = Debug|Any CPU
		{8CFEA2C8-2318-4831-97D0-C0FF2F51A533}.Release|Any CPU.ActiveCfg = Release|Any CPU
		{8CFEA2C8-2318-4831-97D0-C0FF2F51A533}.Release|Any CPU.Build.0 = Release|Any CPU
		{19581175-6DA0-43FB-B2AE-00CFF328A6E3}.Debug|Any CPU.ActiveCfg = Debug|Any CPU
		{19581175-6DA0-43FB-B2AE-00CFF328A6E3}.Debug|Any CPU.Build.0 = Debug|Any CPU
		{19581175-6DA0-43FB-B2AE-00CFF328A6E3}.Release|Any CPU.ActiveCfg = Release|Any CPU
		{19581175-6DA0-43FB-B2AE-00CFF328A6E3}.Release|Any CPU.Build.0 = Release|Any CPU
		{281D6D02-A279-4A2F-B174-BF3AFF0B6106}.Debug|Any CPU.ActiveCfg = Debug|Any CPU
		{281D6D02-A279-4A2F-B174-BF3AFF0B6106}.Debug|Any CPU.Build.0 = Debug|Any CPU
		{281D6D02-A279-4A2F-B174-BF3AFF0B6106}.Release|Any CPU.ActiveCfg = Release|Any CPU
		{281D6D02-A279-4A2F-B174-BF3AFF0B6106}.Release|Any CPU.Build.0 = Release|Any CPU
	EndGlobalSection
	GlobalSection(SolutionProperties) = preSolution
		HideSolutionNode = FALSE
	EndGlobalSection
	GlobalSection(NestedProjects) = preSolution
		{67B43EE0-A1C3-420F-95A2-33D7C886EA0A} = {914551ED-8ECB-43F6-A397-BD6CCD2F154A}
		{8C711CEE-1B28-47B4-95FE-28D6ABA62B73} = {E32ECB12-E934-4A8E-AE1F-CFA04BF43210}
		{8CFEA2C8-2318-4831-97D0-C0FF2F51A533} = {9602AAEC-EECD-4717-966D-5400D295D2B6}
		{19581175-6DA0-43FB-B2AE-00CFF328A6E3} = {7E4639E7-653A-403A-92AF-557E249F5CDF}
		{281D6D02-A279-4A2F-B174-BF3AFF0B6106} = {6C9E3D1F-E55A-49D9-9D01-C906FAF4A4B6}
	EndGlobalSection
	GlobalSection(ExtensibilityGlobals) = postSolution
		SolutionGuid = {335866F2-A9D3-461A-9243-93A6A938C7A0}
	EndGlobalSection
EndGlobal
